
Microsoft Visual Studio Solution File, Format Version 12.00
# Visual Studio Version 16
VisualStudioVersion = 16.0.32106.194
MinimumVisualStudioVersion = 10.0.40219.1
Project("{FAE04EC0-301F-11D3-BF4B-00C04F79EFBC}") = "Vidly.WebApi", "Vidly.WebApi\Vidly.WebApi.csproj", "{9324CA80-F449-467E-BEB4-C4787A1828F4}"
EndProject
Global
	GlobalSection(SolutionConfigurationPlatforms) = preSolution
		Debug|Any CPU = Debug|Any CPU
		Release|Any CPU = Release|Any CPU
	EndGlobalSection
	GlobalSection(ProjectConfigurationPlatforms) = postSolution
		{9324CA80-F449-467E-BEB4-C4787A1828F4}.Debug|Any CPU.ActiveCfg = Debug|Any CPU
		{9324CA80-F449-467E-BEB4-C4787A1828F4}.Debug|Any CPU.Build.0 = Debug|Any CPU
		{9324CA80-F449-467E-BEB4-C4787A1828F4}.Release|Any CPU.ActiveCfg = Release|Any CPU
		{9324CA80-F449-467E-BEB4-C4787A1828F4}.Release|Any CPU.Build.0 = Release|Any CPU
	EndGlobalSection
	GlobalSection(SolutionProperties) = preSolution
		HideSolutionNode = FALSE
	EndGlobalSection
	GlobalSection(ExtensibilityGlobals) = postSolution
		SolutionGuid = {3787C7DF-3A27-437E-A264-F7D05B497A2B}
	EndGlobalSection
EndGlobal
